
Microsoft Visual Studio Solution File, Format Version 12.00
# Visual Studio Version 17
VisualStudioVersion = 17.13.35818.85 d17.13
MinimumVisualStudioVersion = 10.0.40219.1
Project("{FAE04EC0-301F-11D3-BF4B-00C04F79EFBC}") = "Web Based Proje", "Web Based Proje\Web Based Proje.csproj", "{D0574652-1F0C-431F-8FF0-B7C9BBE12E2D}"
EndProject
Global
	GlobalSection(SolutionConfigurationPlatforms) = preSolution
		Debug|Any CPU = Debug|Any CPU
		Release|Any CPU = Release|Any CPU
	EndGlobalSection
	GlobalSection(ProjectConfigurationPlatforms) = postSolution
		{D0574652-1F0C-431F-8FF0-B7C9BBE12E2D}.Debug|Any CPU.ActiveCfg = Debug|Any CPU
		{D0574652-1F0C-431F-8FF0-B7C9BBE12E2D}.Debug|Any CPU.Build.0 = Debug|Any CPU
		{D0574652-1F0C-431F-8FF0-B7C9BBE12E2D}.Release|Any CPU.ActiveCfg = Release|Any CPU
		{D0574652-1F0C-431F-8FF0-B7C9BBE12E2D}.Release|Any CPU.Build.0 = Release|Any CPU
	EndGlobalSection
	GlobalSection(SolutionProperties) = preSolution
		HideSolutionNode = FALSE
	EndGlobalSection
	GlobalSection(ExtensibilityGlobals) = postSolution
		SolutionGuid = {22758B51-3C8E-4379-9EEB-725228DEBAB4}
	EndGlobalSection
EndGlobal
